
Microsoft Visual Studio Solution File, Format Version 12.00
# Visual Studio Version 17
VisualStudioVersion = 17.7.34031.279
MinimumVisualStudioVersion = 10.0.40219.1
Project("{FAE04EC0-301F-11D3-BF4B-00C04F79EFBC}") = "compiler.Mehrshad", "compiler.Mehrshad\compiler.Mehrshad.csproj", "{98EE589B-70F6-4558-924F-A0207D140A44}"
EndProject
Global
	GlobalSection(SolutionConfigurationPlatforms) = preSolution
		Debug|Any CPU = Debug|Any CPU
		Release|Any CPU = Release|Any CPU
	EndGlobalSection
	GlobalSection(ProjectConfigurationPlatforms) = postSolution
		{98EE589B-70F6-4558-924F-A0207D140A44}.Debug|Any CPU.ActiveCfg = Debug|Any CPU
		{98EE589B-70F6-4558-924F-A0207D140A44}.Debug|Any CPU.Build.0 = Debug|Any CPU
		{98EE589B-70F6-4558-924F-A0207D140A44}.Release|Any CPU.ActiveCfg = Release|Any CPU
		{98EE589B-70F6-4558-924F-A0207D140A44}.Release|Any CPU.Build.0 = Release|Any CPU
	EndGlobalSection
	GlobalSection(SolutionProperties) = preSolution
		HideSolutionNode = FALSE
	EndGlobalSection
	GlobalSection(ExtensibilityGlobals) = postSolution
		SolutionGuid = {99AE4EED-AB7D-4EF9-8FF3-5757362B4672}
	EndGlobalSection
EndGlobal
